
Microsoft Visual Studio Solution File, Format Version 12.00
# Visual Studio 15
VisualStudioVersion = 15.0.28307.329
MinimumVisualStudioVersion = 10.0.40219.1
Project("{8BC9CEB8-8B4A-11D0-8D11-00A0C91BC942}") = "Øving_6_grafikk", "Øving_6_grafikk\Øving_6_grafikk.vcxproj", "{86806830-5FCF-4A9F-BCA9-8B774BD4C6D3}"
EndProject
Global
	GlobalSection(SolutionConfigurationPlatforms) = preSolution
		Debug|x64 = Debug|x64
		Debug|x86 = Debug|x86
		Release|x64 = Release|x64
		Release|x86 = Release|x86
	EndGlobalSection
	GlobalSection(ProjectConfigurationPlatforms) = postSolution
		{86806830-5FCF-4A9F-BCA9-8B774BD4C6D3}.Debug|x64.ActiveCfg = Debug|x64
		{86806830-5FCF-4A9F-BCA9-8B774BD4C6D3}.Debug|x64.Build.0 = Debug|x64
		{86806830-5FCF-4A9F-BCA9-8B774BD4C6D3}.Debug|x86.ActiveCfg = Debug|Win32
		{86806830-5FCF-4A9F-BCA9-8B774BD4C6D3}.Debug|x86.Build.0 = Debug|Win32
		{86806830-5FCF-4A9F-BCA9-8B774BD4C6D3}.Release|x64.ActiveCfg = Release|x64
		{86806830-5FCF-4A9F-BCA9-8B774BD4C6D3}.Release|x64.Build.0 = Release|x64
		{86806830-5FCF-4A9F-BCA9-8B774BD4C6D3}.Release|x86.ActiveCfg = Release|Win32
		{86806830-5FCF-4A9F-BCA9-8B774BD4C6D3}.Release|x86.Build.0 = Release|Win32
	EndGlobalSection
	GlobalSection(SolutionProperties) = preSolution
		HideSolutionNode = FALSE
	EndGlobalSection
	GlobalSection(ExtensibilityGlobals) = postSolution
		SolutionGuid = {E6AEEE65-6F86-42F6-B0FA-391B4C4DF5CD}
	EndGlobalSection
EndGlobal
